{
  "name": "autolabreport-collaboration-server",
  "version": "1.0.0",
  "lockfileVersion": 3,
  "requires": true,
  "packages": {
    "": {
      "name": "autolabreport-collaboration-server",
      "version": "1.0.0",
      "dependencies": {
        "@hocuspocus/server": "4.3.0",
        "@supabase/supabase-js": "2.108.0",
        "dotenv": "17.2.3",
        "yjs": "13.6.31"
      },
      "engines": {
        "node": ">=22"
      }
    },
    "node_modules/@hocuspocus/common": {
      "version": "4.3.0",
      "resolved": "https://registry.npmjs.org/@hocuspocus/common/-/common-4.3.0.tgz",
      "integrity": "sha512-8USsMvso01aMKOSSyvb8oTAlfES/nBM+Y74XjW5Fy5ovmOaVpoRRBrktIrEVwydrp8Cr6C66ivc0orcW/3P+Kg==",
      "license": "MIT",
      "dependencies": {
        "lib0": "^0.2.87"
      }
    },
    "node_modules/@hocuspocus/server": {
      "version": "4.3.0",
      "resolved": "https://registry.npmjs.org/@hocuspocus/server/-/server-4.3.0.tgz",
      "integrity": "sha512-GX9ohUJAr6aIa2ewS0EPeyf3w12wLCBBSGfc76ZMOuZJZPUzDH6BJWFjkVlaVW3OmwZ5+jxdXXFUf6sAi4EIrg==",
      "license": "MIT",
      "dependencies": {
        "@hocuspocus/common": "^4.3.0",
        "async-mutex": "^0.5.0",
        "crossws": "^0.4.4",
        "kleur": "^4.1.4",
        "lib0": "^0.2.47"
      },
      "engines": {
        "node": ">=22"
      },
      "peerDependencies": {
        "y-protocols": "^1.0.6",
        "yjs": "^13.6.8"
      }
    },
    "node_modules/@supabase/auth-js": {
      "version": "2.108.0",
      "resolved": "https://registry.npmjs.org/@supabase/auth-js/-/auth-js-2.108.0.tgz",
      "integrity": "sha512-0CzVGVqHfNOhRQVEcAmu58Mex2Ce0zL3aGfyV+iFQjTK6OntLK/hLCLr/VDRX0E8/2CdsiY99L7fZ/8ys/op4w==",
      "license": "MIT",
      "dependencies": {
        "tslib": "2.8.1"
      },
      "engines": {
        "node": ">=20.0.0"
      }
    },
    "node_modules/@supabase/functions-js": {
      "version": "2.108.0",
      "resolved": "https://registry.npmjs.org/@supabase/functions-js/-/functions-js-2.108.0.tgz",
      "integrity": "sha512-lqEGDzT7QBUuKYzi5lHpV/XecXT9wikzcbXMbFo6krNpSDynD1sHM8wcsfB/BAqa4NkFuy3vF4JCV8MeakV8IQ==",
      "license": "MIT",
      "dependencies": {
        "tslib": "2.8.1"
      },
      "engines": {
        "node": ">=20.0.0"
      }
    },
    "node_modules/@supabase/phoenix": {
      "version": "0.4.4",
      "resolved": "https://registry.npmjs.org/@supabase/phoenix/-/phoenix-0.4.4.tgz",
      "integrity": "sha512-Gt0pqoXuIqX/8dvG0OKp/wMCobXNH3klNbUPBNyOfN0YA1IswrM3HyWFMOPk1Jy+BRaIyDPcFx4jLBwHNmlyfQ==",
      "license": "MIT"
    },
    "node_modules/@supabase/postgrest-js": {
      "version": "2.108.0",
      "resolved": "https://registry.npmjs.org/@supabase/postgrest-js/-/postgrest-js-2.108.0.tgz",
      "integrity": "sha512-8AwTkPqowDYv/qh016CyXeZ3Ukpw6NHyfqc7DWV4afLR2hAiapf3zRKV2ZLG+//T1LK84HrR6X8VBwfgHWmNyw==",
      "license": "MIT",
      "dependencies": {
        "tslib": "2.8.1"
      },
      "engines": {
        "node": ">=20.0.0"
      }
    },
    "node_modules/@supabase/realtime-js": {
      "version": "2.108.0",
      "resolved": "https://registry.npmjs.org/@supabase/realtime-js/-/realtime-js-2.108.0.tgz",
      "integrity": "sha512-N3xR0u7TNr+c5wuLSU60rcfu/H/8N0WBs7iHWwjI/NxKwY3XWSyLUbpbpU8bzmL0dA/Gk9Mupri8mxKUXBW+iw==",
      "license": "MIT",
      "dependencies": {
        "@supabase/phoenix": "^0.4.2",
        "tslib": "2.8.1"
      },
      "engines": {
        "node": ">=20.0.0"
      }
    },
    "node_modules/@supabase/storage-js": {
      "version": "2.108.0",
      "resolved": "https://registry.npmjs.org/@supabase/storage-js/-/storage-js-2.108.0.tgz",
      "integrity": "sha512-zMYQmh87CId7d8i/1FIfv4fMDcXPutmIJSpoY58GLXi7M266MNzxWGNabDk4i555Oj1Nqtsu2i3Qo3rpWUXO6A==",
      "license": "MIT",
      "dependencies": {
        "iceberg-js": "^0.8.1",
        "tslib": "2.8.1"
      },
      "engines": {
        "node": ">=20.0.0"
      }
    },
    "node_modules/@supabase/supabase-js": {
      "version": "2.108.0",
      "resolved": "https://registry.npmjs.org/@supabase/supabase-js/-/supabase-js-2.108.0.tgz",
      "integrity": "sha512-AjPoimM9MZLZbddnlDBGmpZ/Tas1dNcJvuZy/VD1AfmrjBC8J2RSw6UOqR4ISLLlEioOLca/5t1crFnAxa0wRQ==",
      "license": "MIT",
      "dependencies": {
        "@supabase/auth-js": "2.108.0",
        "@supabase/functions-js": "2.108.0",
        "@supabase/postgrest-js": "2.108.0",
        "@supabase/realtime-js": "2.108.0",
        "@supabase/storage-js": "2.108.0"
      },
      "engines": {
        "node": ">=20.0.0"
      }
    },
    "node_modules/async-mutex": {
      "version": "0.5.0",
      "resolved": "https://registry.npmjs.org/async-mutex/-/async-mutex-0.5.0.tgz",
      "integrity": "sha512-1A94B18jkJ3DYq284ohPxoXbfTA5HsQ7/Mf4DEhcyLx3Bz27Rh59iScbB6EPiP+B+joue6YCxcMXSbFC1tZKwA==",
      "license": "MIT",
      "dependencies": {
        "tslib": "^2.4.0"
      }
    },
    "node_modules/crossws": {
      "version": "0.4.7",
      "resolved": "https://registry.npmjs.org/crossws/-/crossws-0.4.7.tgz",
      "integrity": "sha512-N+BXE5AetLJ3/glz4DYLirKApAWg+V2guueoMenvAGVvqF/IA1PAzMYqYS+UfBkdz3tDXoQIevDaaxLy1Ch/4w==",
      "license": "MIT",
      "peerDependencies": {
        "srvx": ">=0.11.5"
      },
      "peerDependenciesMeta": {
        "srvx": {
          "optional": true
        }
      }
    },
    "node_modules/dotenv": {
      "version": "17.2.3",
      "resolved": "https://registry.npmjs.org/dotenv/-/dotenv-17.2.3.tgz",
      "integrity": "sha512-JVUnt+DUIzu87TABbhPmNfVdBDt18BLOWjMUFJMSi/Qqg7NTYtabbvSNJGOJ7afbRuv9D/lngizHtP7QyLQ+9w==",
      "license": "BSD-2-Clause",
      "engines": {
        "node": ">=12"
      },
      "funding": {
        "url": "https://dotenvx.com"
      }
    },
    "node_modules/iceberg-js": {
      "version": "0.8.1",
      "resolved": "https://registry.npmjs.org/iceberg-js/-/iceberg-js-0.8.1.tgz",
      "integrity": "sha512-1dhVQZXhcHje7798IVM+xoo/1ZdVfzOMIc8/rgVSijRK38EDqOJoGula9N/8ZI5RD8QTxNQtK/Gozpr+qUqRRA==",
      "license": "MIT",
      "engines": {
        "node": ">=20.0.0"
      }
    },
    "node_modules/isomorphic.js": {
      "version": "0.2.5",
      "resolved": "https://registry.npmjs.org/isomorphic.js/-/isomorphic.js-0.2.5.tgz",
      "integrity": "sha512-PIeMbHqMt4DnUP3MA/Flc0HElYjMXArsw1qwJZcm9sqR8mq3l8NYizFMty0pWwE/tzIGH3EKK5+jes5mAr85yw==",
      "license": "MIT",
      "funding": {
        "type": "GitHub Sponsors ❤",
        "url": "https://github.com/sponsors/dmonad"
      }
    },
    "node_modules/kleur": {
      "version": "4.1.5",
      "resolved": "https://registry.npmjs.org/kleur/-/kleur-4.1.5.tgz",
      "integrity": "sha512-o+NO+8WrRiQEE4/7nwRJhN1HWpVmJm511pBHUxPLtp0BUISzlBplORYSmTclCnJvQq2tKu/sgl3xVpkc7ZWuQQ==",
      "license": "MIT",
      "engines": {
        "node": ">=6"
      }
    },
    "node_modules/lib0": {
      "version": "0.2.117",
      "resolved": "https://registry.npmjs.org/lib0/-/lib0-0.2.117.tgz",
      "integrity": "sha512-DeXj9X5xDCjgKLU/7RR+/HQEVzuuEUiwldwOGsHK/sfAfELGWEyTcf0x+uOvCvK3O2zPmZePXWL85vtia6GyZw==",
      "license": "MIT",
      "dependencies": {
        "isomorphic.js": "^0.2.4"
      },
      "bin": {
        "0ecdsa-generate-keypair": "bin/0ecdsa-generate-keypair.js",
        "0gentesthtml": "bin/gentesthtml.js",
        "0serve": "bin/0serve.js"
      },
      "engines": {
        "node": ">=16"
      },
      "funding": {
        "type": "GitHub Sponsors ❤",
        "url": "https://github.com/sponsors/dmonad"
      }
    },
    "node_modules/tslib": {
      "version": "2.8.1",
      "resolved": "https://registry.npmjs.org/tslib/-/tslib-2.8.1.tgz",
      "integrity": "sha512-oJFu94HQb+KVduSUQL7wnpmqnfmLsOA/nAh6b6EH0wCEoK0/mPeXU6c3wKDV83MkOuHPRHtSXKKU99IBazS/2w==",
      "license": "0BSD"
    },
    "node_modules/y-protocols": {
      "version": "1.0.7",
      "resolved": "https://registry.npmjs.org/y-protocols/-/y-protocols-1.0.7.tgz",
      "integrity": "sha512-YSVsLoXxO67J6eE/nV4AtFtT3QEotZf5sK5BHxFBXso7VDUT3Tx07IfA6hsu5Q5OmBdMkQVmFZ9QOA7fikWvnw==",
      "license": "MIT",
      "peer": true,
      "dependencies": {
        "lib0": "^0.2.85"
      },
      "engines": {
        "node": ">=16.0.0",
        "npm": ">=8.0.0"
      },
      "funding": {
        "type": "GitHub Sponsors ❤",
        "url": "https://github.com/sponsors/dmonad"
      },
      "peerDependencies": {
        "yjs": "^13.0.0"
      }
    },
    "node_modules/yjs": {
      "version": "13.6.31",
      "resolved": "https://registry.npmjs.org/yjs/-/yjs-13.6.31.tgz",
      "integrity": "sha512-Eq+5BRfbeGyqGVrTJL3bEcr8gKkxPuyuoHmAwpk52fDb8kOVMrfVSTRPd6yiGgX5Fskb96qCRjzjbRjrL4YEnw==",
      "license": "MIT",
      "dependencies": {
        "lib0": "^0.2.99"
      },
      "engines": {
        "node": ">=16.0.0",
        "npm": ">=8.0.0"
      },
      "funding": {
        "type": "GitHub Sponsors ❤",
        "url": "https://github.com/sponsors/dmonad"
      }
    }
  }
}
